
Microsoft Visual Studio Solution File, Format Version 12.00
# Visual Studio Version 17
VisualStudioVersion = 17.2.32526.322
MinimumVisualStudioVersion = 10.0.40219.1
Project("{2150E333-8FDC-42A3-9474-1A3956D46DE8}") = "API", "API", "{7FB5AFAE-00AD-4A0E-9E1C-84D3E54A5314}"
EndProject
Project("{2150E333-8FDC-42A3-9474-1A3956D46DE8}") = "Application", "Application", "{2DAB60D7-5A6B-4CEC-A89D-2D0EA563B334}"
EndProject
Project("{2150E333-8FDC-42A3-9474-1A3956D46DE8}") = "Tools", "Tools", "{BCDD88E8-992E-4798-A26E-12FB1F55E5A5}"
EndProject
Project("{9A19103F-16F7-4668-BE54-9A1E7A4F7556}") = "Models", "Models\Models.csproj", "{29A7CFFD-6B8A-43A2-95FA-D25A014BCA70}"
EndProject
Project("{9A19103F-16F7-4668-BE54-9A1E7A4F7556}") = "PracticeWithTypes", "PracticeWithTypes\PracticeWithTypes.csproj", "{A8870493-2DB7-4AAA-9A2A-4C20DB7FEFCA}"
EndProject
Project("{9A19103F-16F7-4668-BE54-9A1E7A4F7556}") = "Services", "Service\Services.csproj", "{9364C782-CA20-4600-A833-05E03B45A3F1}"
	ProjectSection(ProjectDependencies) = postProject
		{29A7CFFD-6B8A-43A2-95FA-D25A014BCA70} = {29A7CFFD-6B8A-43A2-95FA-D25A014BCA70}
		{A8870493-2DB7-4AAA-9A2A-4C20DB7FEFCA} = {A8870493-2DB7-4AAA-9A2A-4C20DB7FEFCA}
	EndProjectSection
EndProject
Project("{9A19103F-16F7-4668-BE54-9A1E7A4F7556}") = "PracticeWithListAndDict", "PracticeWithListAndDict\PracticeWithListAndDict.csproj", "{E8D1B6B8-8012-460A-B718-33F8743472B4}"
EndProject
Project("{9A19103F-16F7-4668-BE54-9A1E7A4F7556}") = "ServiceTests", "ServiceTests\ServiceTests.csproj", "{EF470DC8-93F2-47FF-B9DE-14FC1B74B556}"
EndProject
Project("{FAE04EC0-301F-11D3-BF4B-00C04F79EFBC}") = "PracticEF", "PracticEF\PracticEF.csproj", "{578330A8-F427-4A56-9156-E013B2AD2F7C}"
EndProject
Project("{FAE04EC0-301F-11D3-BF4B-00C04F79EFBC}") = "ModelsDb", "ModelsDb\ModelsDb.csproj", "{ABB66B58-F804-48DE-8022-4CB773772273}"
EndProject
Global
	GlobalSection(SolutionConfigurationPlatforms) = preSolution
		Debug|Any CPU = Debug|Any CPU
		Release|Any CPU = Release|Any CPU
	EndGlobalSection
	GlobalSection(ProjectConfigurationPlatforms) = postSolution
		{29A7CFFD-6B8A-43A2-95FA-D25A014BCA70}.Debug|Any CPU.ActiveCfg = Debug|Any CPU
		{29A7CFFD-6B8A-43A2-95FA-D25A014BCA70}.Debug|Any CPU.Build.0 = Debug|Any CPU
		{29A7CFFD-6B8A-43A2-95FA-D25A014BCA70}.Release|Any CPU.ActiveCfg = Release|Any CPU
		{29A7CFFD-6B8A-43A2-95FA-D25A014BCA70}.Release|Any CPU.Build.0 = Release|Any CPU
		{A8870493-2DB7-4AAA-9A2A-4C20DB7FEFCA}.Debug|Any CPU.ActiveCfg = Debug|Any CPU
		{A8870493-2DB7-4AAA-9A2A-4C20DB7FEFCA}.Debug|Any CPU.Build.0 = Debug|Any CPU
		{A8870493-2DB7-4AAA-9A2A-4C20DB7FEFCA}.Release|Any CPU.ActiveCfg = Release|Any CPU
		{A8870493-2DB7-4AAA-9A2A-4C20DB7FEFCA}.Release|Any CPU.Build.0 = Release|Any CPU
		{9364C782-CA20-4600-A833-05E03B45A3F1}.Debug|Any CPU.ActiveCfg = Debug|Any CPU
		{9364C782-CA20-4600-A833-05E03B45A3F1}.Debug|Any CPU.Build.0 = Debug|Any CPU
		{9364C782-CA20-4600-A833-05E03B45A3F1}.Release|Any CPU.ActiveCfg = Release|Any CPU
		{9364C782-CA20-4600-A833-05E03B45A3F1}.Release|Any CPU.Build.0 = Release|Any CPU
		{E8D1B6B8-8012-460A-B718-33F8743472B4}.Debug|Any CPU.ActiveCfg = Debug|Any CPU
		{E8D1B6B8-8012-460A-B718-33F8743472B4}.Debug|Any CPU.Build.0 = Debug|Any CPU
		{E8D1B6B8-8012-460A-B718-33F8743472B4}.Release|Any CPU.ActiveCfg = Release|Any CPU
		{E8D1B6B8-8012-460A-B718-33F8743472B4}.Release|Any CPU.Build.0 = Release|Any CPU
		{EF470DC8-93F2-47FF-B9DE-14FC1B74B556}.Debug|Any CPU.ActiveCfg = Debug|Any CPU
		{EF470DC8-93F2-47FF-B9DE-14FC1B74B556}.Debug|Any CPU.Build.0 = Debug|Any CPU
		{EF470DC8-93F2-47FF-B9DE-14FC1B74B556}.Release|Any CPU.ActiveCfg = Release|Any CPU
		{EF470DC8-93F2-47FF-B9DE-14FC1B74B556}.Release|Any CPU.Build.0 = Release|Any CPU
		{578330A8-F427-4A56-9156-E013B2AD2F7C}.Debug|Any CPU.ActiveCfg = Debug|Any CPU
		{578330A8-F427-4A56-9156-E013B2AD2F7C}.Debug|Any CPU.Build.0 = Debug|Any CPU
		{578330A8-F427-4A56-9156-E013B2AD2F7C}.Release|Any CPU.ActiveCfg = Release|Any CPU
		{578330A8-F427-4A56-9156-E013B2AD2F7C}.Release|Any CPU.Build.0 = Release|Any CPU
		{ABB66B58-F804-48DE-8022-4CB773772273}.Debug|Any CPU.ActiveCfg = Debug|Any CPU
		{ABB66B58-F804-48DE-8022-4CB773772273}.Debug|Any CPU.Build.0 = Debug|Any CPU
		{ABB66B58-F804-48DE-8022-4CB773772273}.Release|Any CPU.ActiveCfg = Release|Any CPU
		{ABB66B58-F804-48DE-8022-4CB773772273}.Release|Any CPU.Build.0 = Release|Any CPU
	EndGlobalSection
	GlobalSection(SolutionProperties) = preSolution
		HideSolutionNode = FALSE
	EndGlobalSection
	GlobalSection(NestedProjects) = preSolution
		{29A7CFFD-6B8A-43A2-95FA-D25A014BCA70} = {2DAB60D7-5A6B-4CEC-A89D-2D0EA563B334}
		{A8870493-2DB7-4AAA-9A2A-4C20DB7FEFCA} = {BCDD88E8-992E-4798-A26E-12FB1F55E5A5}
		{EF470DC8-93F2-47FF-B9DE-14FC1B74B556} = {2DAB60D7-5A6B-4CEC-A89D-2D0EA563B334}
		{578330A8-F427-4A56-9156-E013B2AD2F7C} = {BCDD88E8-992E-4798-A26E-12FB1F55E5A5}
		{ABB66B58-F804-48DE-8022-4CB773772273} = {2DAB60D7-5A6B-4CEC-A89D-2D0EA563B334}
	EndGlobalSection
	GlobalSection(ExtensibilityGlobals) = postSolution
		SolutionGuid = {0097849E-39FC-49C1-B05C-98D472240A58}
	EndGlobalSection
EndGlobal
