
Microsoft Visual Studio Solution File, Format Version 12.00
Project("{FAE04EC0-301F-11D3-BF4B-00C04F79EFBC}") = "Models", "Models\Models.csproj", "{D20A4C75-4BB7-405E-B177-1CB2678CFE5E}"
EndProject
Project("{2150E333-8FDC-42A3-9474-1A3956D46DE8}") = "Tools", "Tools", "{7295CCD5-5765-4CAB-92D0-E96F1016B060}"
EndProject
Project("{FAE04EC0-301F-11D3-BF4B-00C04F79EFBC}") = "PracticeWithTypes", "PracticeWithTypes\PracticeWithTypes.csproj", "{3BE751FB-A8B3-410C-9183-AFEC1BD26DE5}"
EndProject
Global
	GlobalSection(SolutionConfigurationPlatforms) = preSolution
		Debug|Any CPU = Debug|Any CPU
		Release|Any CPU = Release|Any CPU
	EndGlobalSection
	GlobalSection(ProjectConfigurationPlatforms) = postSolution
		{D20A4C75-4BB7-405E-B177-1CB2678CFE5E}.Debug|Any CPU.ActiveCfg = Debug|Any CPU
		{D20A4C75-4BB7-405E-B177-1CB2678CFE5E}.Debug|Any CPU.Build.0 = Debug|Any CPU
		{D20A4C75-4BB7-405E-B177-1CB2678CFE5E}.Release|Any CPU.ActiveCfg = Release|Any CPU
		{D20A4C75-4BB7-405E-B177-1CB2678CFE5E}.Release|Any CPU.Build.0 = Release|Any CPU
		{3BE751FB-A8B3-410C-9183-AFEC1BD26DE5}.Debug|Any CPU.ActiveCfg = Debug|Any CPU
		{3BE751FB-A8B3-410C-9183-AFEC1BD26DE5}.Debug|Any CPU.Build.0 = Debug|Any CPU
		{3BE751FB-A8B3-410C-9183-AFEC1BD26DE5}.Release|Any CPU.ActiveCfg = Release|Any CPU
		{3BE751FB-A8B3-410C-9183-AFEC1BD26DE5}.Release|Any CPU.Build.0 = Release|Any CPU
	EndGlobalSection
	GlobalSection(NestedProjects) = preSolution
		{3BE751FB-A8B3-410C-9183-AFEC1BD26DE5} = {7295CCD5-5765-4CAB-92D0-E96F1016B060}
	EndGlobalSection
EndGlobal
